
Microsoft Visual Studio Solution File, Format Version 12.00
# Visual Studio Version 16
VisualStudioVersion = 16.0.30517.126
MinimumVisualStudioVersion = 10.0.40219.1
Project("{FAE04EC0-301F-11D3-BF4B-00C04F79EFBC}") = "Snake", "Snake\Snake.csproj", "{CD8EAF72-47D9-4556-BA57-5B73792FCA76}"
EndProject
Global
	GlobalSection(SolutionConfigurationPlatforms) = preSolution
		Debug|Any CPU = Debug|Any CPU
		Release|Any CPU = Release|Any CPU
	EndGlobalSection
	GlobalSection(ProjectConfigurationPlatforms) = postSolution
		{CD8EAF72-47D9-4556-BA57-5B73792FCA76}.Debug|Any CPU.ActiveCfg = Debug|Any CPU
		{CD8EAF72-47D9-4556-BA57-5B73792FCA76}.Debug|Any CPU.Build.0 = Debug|Any CPU
		{CD8EAF72-47D9-4556-BA57-5B73792FCA76}.Release|Any CPU.ActiveCfg = Release|Any CPU
		{CD8EAF72-47D9-4556-BA57-5B73792FCA76}.Release|Any CPU.Build.0 = Release|Any CPU
	EndGlobalSection
	GlobalSection(SolutionProperties) = preSolution
		HideSolutionNode = FALSE
	EndGlobalSection
	GlobalSection(ExtensibilityGlobals) = postSolution
		SolutionGuid = {514C7D1B-65DB-440C-A777-407053FE18F9}
	EndGlobalSection
EndGlobal
